// !$*UTF8*$!
{
	archiveVersion = 1;
	classes = {
	};
	objectVersion = 77;
	objects = {

/* Begin PBXBuildFile section */
		097E89C9228A4A38AFB7F184 /* NavigationRouter.swift in Sources */ = {isa = PBXBuildFile; fileRef = CE9B0116D2CC4C7FA275D47E /* NavigationRouter.swift */; };
		254D1A0AC26246C1A6C7BB54 /* DesignSystem.swift in Sources */ = {isa = PBXBuildFile; fileRef = 3502CA0542164640B87EF1DF /* DesignSystem.swift */; };
		257D39A0A6728181D9D14A7600000000 /* AppError.swift in Sources */ = {isa = PBXBuildFile; fileRef = B8003DD40C769C619F9B742200000000 /* AppError.swift */; };
		2813CCFD83E94826B11D40E4 /* NetworkRepositoryProtocol.swift in Sources */ = {isa = PBXBuildFile; fileRef = BEA8C55CF8A74C9B85392468 /* NetworkRepositoryProtocol.swift */; };
		33907F14CF9A4F0EBCAEAF82 /* FirebaseStorageRepository.swift in Sources */ = {isa = PBXBuildFile; fileRef = 6BA94BBC395A455691999B44 /* FirebaseStorageRepository.swift */; };
		38A8E1754FB44275A35BA89E /* FirebaseNetworkRepository.swift in Sources */ = {isa = PBXBuildFile; fileRef = 2312F221433B42E384FA7B38 /* FirebaseNetworkRepository.swift */; };
		3EC83DF819A43CF381DA86BF /* MentorDiscoveryView.swift in Sources */ = {isa = PBXBuildFile; fileRef = B5EFCDBD6EBBE2F1E2AC3F5C /* MentorDiscoveryView.swift */; };
		59528F5D6885460381BAF2FF /* FirebaseUserRepository.swift in Sources */ = {isa = PBXBuildFile; fileRef = 3DA0B950F88C410689A55668 /* FirebaseUserRepository.swift */; };
		63CDA88E70B240C0B22F198B /* StorageRepositoryProtocol.swift in Sources */ = {isa = PBXBuildFile; fileRef = 69207CC2A34045868148BE03 /* StorageRepositoryProtocol.swift */; };
		651787F72F356B310095C184 /* LinearProgressView.swift in Sources */ = {isa = PBXBuildFile; fileRef = 651787CD2F356B310095C184 /* LinearProgressView.swift */; };
		651787F82F356B310095C184 /* DashboardCard.swift in Sources */ = {isa = PBXBuildFile; fileRef = 651787CC2F356B310095C184 /* DashboardCard.swift */; };
		651787F92F356B310095C184 /* WelcomeView.swift in Sources */ = {isa = PBXBuildFile; fileRef = 651787DA2F356B310095C184 /* WelcomeView.swift */; };
		651787FA2F356B310095C184 /* OnboardingViewModel.swift in Sources */ = {isa = PBXBuildFile; fileRef = 651787D82F356B310095C184 /* OnboardingViewModel.swift */; };
		651787FB2F356B310095C184 /* Typography.swift in Sources */ = {isa = PBXBuildFile; fileRef = 651787D12F356B310095C184 /* Typography.swift */; };
		651787FC2F356B310095C184 /* NetworkView.swift in Sources */ = {isa = PBXBuildFile; fileRef = 651787E02F356B310095C184 /* NetworkView.swift */; };
		651787FD2F356B310095C184 /* AppViewModel.swift in Sources */ = {isa = PBXBuildFile; fileRef = 651787D72F356B310095C184 /* AppViewModel.swift */; };
		651787FF2F356B310095C184 /* MainTabView.swift in Sources */ = {isa = PBXBuildFile; fileRef = 651787E62F356B310095C184 /* MainTabView.swift */; };
		651788002F356B310095C184 /* UserProfile.swift in Sources */ = {isa = PBXBuildFile; fileRef = 651787D32F356B310095C184 /* UserProfile.swift */; };
		651788012F356B310095C184 /* App.swift in Sources */ = {isa = PBXBuildFile; fileRef = 651787F12F356B310095C184 /* App.swift */; };
		651788022F356B310095C184 /* FocusView.swift in Sources */ = {isa = PBXBuildFile; fileRef = 651787EA2F356B310095C184 /* FocusView.swift */; };
		651788032F356B310095C184 /* CompanyBasicsView.swift in Sources */ = {isa = PBXBuildFile; fileRef = 651787E82F356B310095C184 /* CompanyBasicsView.swift */; };
		651788042F356B310095C184 /* ProfileView.swift in Sources */ = {isa = PBXBuildFile; fileRef = 651787E32F356B310095C184 /* ProfileView.swift */; };
		651788052F356B310095C184 /* CustomTextField.swift in Sources */ = {isa = PBXBuildFile; fileRef = 651787CB2F356B310095C184 /* CustomTextField.swift */; };
		651788062F356B310095C184 /* ImagePicker.swift in Sources */ = {isa = PBXBuildFile; fileRef = 651787C62F356B310095C184 /* ImagePicker.swift */; };
		651788072F356B310095C184 /* CompanyBioLogoView.swift in Sources */ = {isa = PBXBuildFile; fileRef = 651787E92F356B310095C184 /* CompanyBioLogoView.swift */; };
		651788082F356B310095C184 /* Colors+Extensions.swift in Sources */ = {isa = PBXBuildFile; fileRef = 651787D02F356B310095C184 /* Colors+Extensions.swift */; };
		651788092F356B310095C184 /* SelectablePill.swift in Sources */ = {isa = PBXBuildFile; fileRef = 651787CE2F356B310095C184 /* SelectablePill.swift */; };
		6517880A2F356B310095C184 /* ReviewFinishView.swift in Sources */ = {isa = PBXBuildFile; fileRef = 651787EC2F356B310095C184 /* ReviewFinishView.swift */; };
		6517880E2F356B310095C184 /* EditProfileView.swift in Sources */ = {isa = PBXBuildFile; fileRef = 651787E22F356B310095C184 /* EditProfileView.swift */; };
		6517880F2F356B310095C184 /* SettingsView.swift in Sources */ = {isa = PBXBuildFile; fileRef = 651787E42F356B310095C184 /* SettingsView.swift */; };
		651788102F356B310095C184 /* HomeView.swift in Sources */ = {isa = PBXBuildFile; fileRef = 651787DE2F356B310095C184 /* HomeView.swift */; };
		651788112F356B310095C184 /* PersonalInformationView.swift in Sources */ = {isa = PBXBuildFile; fileRef = 651787EB2F356B310095C184 /* PersonalInformationView.swift */; };
		651788122F356B310095C184 /* OnboardingContainerView.swift in Sources */ = {isa = PBXBuildFile; fileRef = 651787EE2F356B310095C184 /* OnboardingContainerView.swift */; };
		651788132F356B310095C184 /* GoogleService-Info.plist in Resources */ = {isa = PBXBuildFile; fileRef = 651787F52F356B310095C184 /* GoogleService-Info.plist */; };
		651788152F356B310095C184 /* AppIcon60x60@2x.png in Resources */ = {isa = PBXBuildFile; fileRef = 651787F22F356B310095C184 /* AppIcon60x60@2x.png */; };
		651788162F356B310095C184 /* AppIcon60x60@3x.png in Resources */ = {isa = PBXBuildFile; fileRef = 651787F32F356B310095C184 /* AppIcon60x60@3x.png */; };
		651788192F356B6B0095C184 /* FirebaseAuth in Frameworks */ = {isa = PBXBuildFile; productRef = 651788182F356B6B0095C184 /* FirebaseAuth */; };
		6517881B2F356B6B0095C184 /* FirebaseFirestore in Frameworks */ = {isa = PBXBuildFile; productRef = 6517881A2F356B6B0095C184 /* FirebaseFirestore */; };
		6517881C2F356EE50095C184 /* Assets.xcassets in Resources */ = {isa = PBXBuildFile; fileRef = 651787F42F356B310095C184 /* Assets.xcassets */; };
		651789012F356B6B0095C184 /* FirebaseStorage in Frameworks */ = {isa = PBXBuildFile; productRef = 651789002F356B6B0095C184 /* FirebaseStorage */; };
		65EE72982F36157200E6F591 /* GoogleSignIn in Frameworks */ = {isa = PBXBuildFile; productRef = 65EE72972F36157200E6F591 /* GoogleSignIn */; };
		65EE729A2F36157200E6F591 /* GoogleSignInSwift in Frameworks */ = {isa = PBXBuildFile; productRef = 65EE72992F36157200E6F591 /* GoogleSignInSwift */; };
		65F4304F2F35F5DB00023B22 /* FirebaseAnalytics in Frameworks */ = {isa = PBXBuildFile; productRef = 65F4304E2F35F5DB00023B22 /* FirebaseAnalytics */; };
		7B713F24AB4C4E7AACCFE522 /* AuthService.swift in Sources */ = {isa = PBXBuildFile; fileRef = 31E5D1F829284CDFA585B4EE /* AuthService.swift */; };
		862EBCBA8EC890469696B0C3 /* MessagesViewModel.swift in Sources */ = {isa = PBXBuildFile; fileRef = 7C22C858EC41CD85C917D953 /* MessagesViewModel.swift */; };
		8F3D1F3C4E5E4E309D5E7A2A /* FirebaseAppCheck in Frameworks */ = {isa = PBXBuildFile; productRef = 1F8E1C2B4C3D4D1A9F7E8D9C /* FirebaseAppCheck */; };
		94FB77E91F374FECB5DAE118 /* UserRepositoryProtocol.swift in Sources */ = {isa = PBXBuildFile; fileRef = 07053209516A4F1FA85F126C /* UserRepositoryProtocol.swift */; };
		991788002F356B310095C184 /* LocationData.swift in Sources */ = {isa = PBXBuildFile; fileRef = 991788012F356B310095C184 /* LocationData.swift */; };
		992788002F356B310095C184 /* StackNavigationView.swift in Sources */ = {isa = PBXBuildFile; fileRef = 992788012F356B310095C184 /* StackNavigationView.swift */; };
		9DDFC94358278C11BC59002A /* SDWebImageSwiftUI in Frameworks */ = {isa = PBXBuildFile; productRef = F0828F4DD68EDE36D047EBAC /* SDWebImageSwiftUI */; };
		A4BFD2418DD345FBA02C7C3C /* UserRepository.swift in Sources */ = {isa = PBXBuildFile; fileRef = EF399B6883E34B749FDC7FA9 /* UserRepository.swift */; };
		B217199E2A86262A2BBFF6AA /* MessagesView.swift in Sources */ = {isa = PBXBuildFile; fileRef = 5BC702E785B8F5371622610A /* MessagesView.swift */; };
		CE776A0DD7754F8D9AFF171D /* FirebaseAuthRepository.swift in Sources */ = {isa = PBXBuildFile; fileRef = E6A26244A935426386D24777 /* FirebaseAuthRepository.swift */; };
		D260DC99484BB66F1618780C /* FirebaseMessagesRepository.swift in Sources */ = {isa = PBXBuildFile; fileRef = 233EC5DBF6799263EFF27D89 /* FirebaseMessagesRepository.swift */; };
		D2FC56AB0E4044B9B30E0F58 /* AuthRepositoryProtocol.swift in Sources */ = {isa = PBXBuildFile; fileRef = CEB9F245A8974E93BEE12465 /* AuthRepositoryProtocol.swift */; };
		DF14E280B7AD77D1BFBC8CEF /* ConversationView.swift in Sources */ = {isa = PBXBuildFile; fileRef = 9110CAF806A8A7BC9419D4CB /* ConversationView.swift */; };
		EDB35044980B473E825F0BD5 /* NetworkViewModel.swift in Sources */ = {isa = PBXBuildFile; fileRef = 8578755F65A84AFAB25F0E41 /* NetworkViewModel.swift */; };
		F393F8F54A77468098980786 /* FluidBackgroundView.swift in Sources */ = {isa = PBXBuildFile; fileRef = 26846CEDDA264CC8A0C99A22 /* FluidBackgroundView.swift */; };
		F759D414D8CF8F9FA89B9F6E /* MessagesRepositoryProtocol.swift in Sources */ = {isa = PBXBuildFile; fileRef = 322B368C9FCA80FD0EFC8014 /* MessagesRepositoryProtocol.swift */; };
/* End PBXBuildFile section */

/* Begin PBXFileReference section */
		07053209516A4F1FA85F126C /* UserRepositoryProtocol.swift */ = {isa = PBXFileReference; lastKnownFileType = sourcecode.swift; path = ../Repositories/Protocols/UserRepositoryProtocol.swift; sourceTree = "<group>"; };
		2312F221433B42E384FA7B38 /* FirebaseNetworkRepository.swift */ = {isa = PBXFileReference; lastKnownFileType = sourcecode.swift; path = ../Repositories/Firebase/FirebaseNetworkRepository.swift; sourceTree = "<group>"; };
		233EC5DBF6799263EFF27D89 /* FirebaseMessagesRepository.swift */ = {isa = PBXFileReference; includeInIndex = 1; lastKnownFileType = sourcecode.swift; name = FirebaseMessagesRepository.swift; path = Repositories/Firebase/FirebaseMessagesRepository.swift; sourceTree = "<group>"; };
		26846CEDDA264CC8A0C99A22 /* FluidBackgroundView.swift */ = {isa = PBXFileReference; lastKnownFileType = sourcecode.swift; path = FluidBackgroundView.swift; sourceTree = "<group>"; };
		31E5D1F829284CDFA585B4EE /* AuthService.swift */ = {isa = PBXFileReference; lastKnownFileType = sourcecode.swift; path = AuthService.swift; sourceTree = "<group>"; };
		322B368C9FCA80FD0EFC8014 /* MessagesRepositoryProtocol.swift */ = {isa = PBXFileReference; includeInIndex = 1; lastKnownFileType = sourcecode.swift; name = MessagesRepositoryProtocol.swift; path = Repositories/Protocols/MessagesRepositoryProtocol.swift; sourceTree = "<group>"; };
		3502CA0542164640B87EF1DF /* DesignSystem.swift */ = {isa = PBXFileReference; lastKnownFileType = sourcecode.swift; path = DesignSystem.swift; sourceTree = "<group>"; };
		3DA0B950F88C410689A55668 /* FirebaseUserRepository.swift */ = {isa = PBXFileReference; lastKnownFileType = sourcecode.swift; path = ../Repositories/Firebase/FirebaseUserRepository.swift; sourceTree = "<group>"; };
		5BC702E785B8F5371622610A /* MessagesView.swift */ = {isa = PBXFileReference; includeInIndex = 1; lastKnownFileType = sourcecode.swift; path = MessagesView.swift; sourceTree = "<group>"; };
		651787B82F356AD60095C184 /* app.app */ = {isa = PBXFileReference; explicitFileType = wrapper.application; includeInIndex = 0; path = app.app; sourceTree = BUILT_PRODUCTS_DIR; };
		651787C62F356B310095C184 /* ImagePicker.swift */ = {isa = PBXFileReference; lastKnownFileType = sourcecode.swift; path = ImagePicker.swift; sourceTree = "<group>"; };
		651787CB2F356B310095C184 /* CustomTextField.swift */ = {isa = PBXFileReference; lastKnownFileType = sourcecode.swift; path = CustomTextField.swift; sourceTree = "<group>"; };
		651787CC2F356B310095C184 /* DashboardCard.swift */ = {isa = PBXFileReference; lastKnownFileType = sourcecode.swift; path = DashboardCard.swift; sourceTree = "<group>"; };
		651787CD2F356B310095C184 /* LinearProgressView.swift */ = {isa = PBXFileReference; lastKnownFileType = sourcecode.swift; path = LinearProgressView.swift; sourceTree = "<group>"; };
		651787CE2F356B310095C184 /* SelectablePill.swift */ = {isa = PBXFileReference; lastKnownFileType = sourcecode.swift; path = SelectablePill.swift; sourceTree = "<group>"; };
		651787D02F356B310095C184 /* Colors+Extensions.swift */ = {isa = PBXFileReference; lastKnownFileType = sourcecode.swift; path = "Colors+Extensions.swift"; sourceTree = "<group>"; };
		651787D12F356B310095C184 /* Typography.swift */ = {isa = PBXFileReference; lastKnownFileType = sourcecode.swift; path = Typography.swift; sourceTree = "<group>"; };
		651787D32F356B310095C184 /* UserProfile.swift */ = {isa = PBXFileReference; lastKnownFileType = sourcecode.swift; path = UserProfile.swift; sourceTree = "<group>"; };
		651787D72F356B310095C184 /* AppViewModel.swift */ = {isa = PBXFileReference; lastKnownFileType = sourcecode.swift; path = AppViewModel.swift; sourceTree = "<group>"; };
		651787D82F356B310095C184 /* OnboardingViewModel.swift */ = {isa = PBXFileReference; lastKnownFileType = sourcecode.swift; path = OnboardingViewModel.swift; sourceTree = "<group>"; };
		651787DA2F356B310095C184 /* WelcomeView.swift */ = {isa = PBXFileReference; lastKnownFileType = sourcecode.swift; path = WelcomeView.swift; sourceTree = "<group>"; };
		651787DE2F356B310095C184 /* HomeView.swift */ = {isa = PBXFileReference; lastKnownFileType = sourcecode.swift; path = HomeView.swift; sourceTree = "<group>"; };
		651787E02F356B310095C184 /* NetworkView.swift */ = {isa = PBXFileReference; lastKnownFileType = sourcecode.swift; path = NetworkView.swift; sourceTree = "<group>"; };
		651787E22F356B310095C184 /* EditProfileView.swift */ = {isa = PBXFileReference; lastKnownFileType = sourcecode.swift; path = EditProfileView.swift; sourceTree = "<group>"; };
		651787E32F356B310095C184 /* ProfileView.swift */ = {isa = PBXFileReference; lastKnownFileType = sourcecode.swift; path = ProfileView.swift; sourceTree = "<group>"; };
		651787E42F356B310095C184 /* SettingsView.swift */ = {isa = PBXFileReference; lastKnownFileType = sourcecode.swift; path = SettingsView.swift; sourceTree = "<group>"; };
		651787E62F356B310095C184 /* MainTabView.swift */ = {isa = PBXFileReference; lastKnownFileType = sourcecode.swift; path = MainTabView.swift; sourceTree = "<group>"; };
		651787E82F356B310095C184 /* CompanyBasicsView.swift */ = {isa = PBXFileReference; lastKnownFileType = sourcecode.swift; path = CompanyBasicsView.swift; sourceTree = "<group>"; };
		651787E92F356B310095C184 /* CompanyBioLogoView.swift */ = {isa = PBXFileReference; lastKnownFileType = sourcecode.swift; path = CompanyBioLogoView.swift; sourceTree = "<group>"; };
		651787EA2F356B310095C184 /* FocusView.swift */ = {isa = PBXFileReference; lastKnownFileType = sourcecode.swift; path = FocusView.swift; sourceTree = "<group>"; };
		651787EB2F356B310095C184 /* PersonalInformationView.swift */ = {isa = PBXFileReference; lastKnownFileType = sourcecode.swift; path = PersonalInformationView.swift; sourceTree = "<group>"; };
		651787EC2F356B310095C184 /* ReviewFinishView.swift */ = {isa = PBXFileReference; lastKnownFileType = sourcecode.swift; path = ReviewFinishView.swift; sourceTree = "<group>"; };
		651787EE2F356B310095C184 /* OnboardingContainerView.swift */ = {isa = PBXFileReference; lastKnownFileType = sourcecode.swift; path = OnboardingContainerView.swift; sourceTree = "<group>"; };
		651787F12F356B310095C184 /* App.swift */ = {isa = PBXFileReference; lastKnownFileType = sourcecode.swift; path = App.swift; sourceTree = "<group>"; };
		651787F22F356B310095C184 /* AppIcon60x60@2x.png */ = {isa = PBXFileReference; lastKnownFileType = image.png; path = "AppIcon60x60@2x.png"; sourceTree = "<group>"; };
		651787F32F356B310095C184 /* AppIcon60x60@3x.png */ = {isa = PBXFileReference; lastKnownFileType = image.png; path = "AppIcon60x60@3x.png"; sourceTree = "<group>"; };
		651787F42F356B310095C184 /* Assets.xcassets */ = {isa = PBXFileReference; lastKnownFileType = folder.assetcatalog; path = Assets.xcassets; sourceTree = "<group>"; };
		651787F52F356B310095C184 /* GoogleService-Info.plist */ = {isa = PBXFileReference; lastKnownFileType = text.plist.xml; path = "GoogleService-Info.plist"; sourceTree = "<group>"; };
		65EE72952F3614FB00E6F591 /* app-Info.plist */ = {isa = PBXFileReference; lastKnownFileType = text.plist; path = "app-Info.plist"; sourceTree = "<group>"; };
		69207CC2A34045868148BE03 /* StorageRepositoryProtocol.swift */ = {isa = PBXFileReference; lastKnownFileType = sourcecode.swift; path = ../Repositories/Protocols/StorageRepositoryProtocol.swift; sourceTree = "<group>"; };
		6BA94BBC395A455691999B44 /* FirebaseStorageRepository.swift */ = {isa = PBXFileReference; lastKnownFileType = sourcecode.swift; path = ../Repositories/Firebase/FirebaseStorageRepository.swift; sourceTree = "<group>"; };
		7C22C858EC41CD85C917D953 /* MessagesViewModel.swift */ = {isa = PBXFileReference; includeInIndex = 1; lastKnownFileType = sourcecode.swift; name = MessagesViewModel.swift; path = ViewModels/MessagesViewModel.swift; sourceTree = "<group>"; };
		8578755F65A84AFAB25F0E41 /* NetworkViewModel.swift */ = {isa = PBXFileReference; lastKnownFileType = sourcecode.swift; path = NetworkViewModel.swift; sourceTree = "<group>"; };
		8A75F2AF083A37A4A97E1F18 /* MentorDiscoveryView.swift */ = {isa = PBXFileReference; includeInIndex = 1; lastKnownFileType = sourcecode.swift; path = MentorDiscoveryView.swift; sourceTree = "<group>"; };
		9110CAF806A8A7BC9419D4CB /* ConversationView.swift */ = {isa = PBXFileReference; includeInIndex = 1; lastKnownFileType = sourcecode.swift; path = ConversationView.swift; sourceTree = "<group>"; };
		991788012F356B310095C184 /* LocationData.swift */ = {isa = PBXFileReference; lastKnownFileType = sourcecode.swift; path = LocationData.swift; sourceTree = "<group>"; };
		992788012F356B310095C184 /* StackNavigationView.swift */ = {isa = PBXFileReference; lastKnownFileType = sourcecode.swift; path = StackNavigationView.swift; sourceTree = "<group>"; };
		B5EFCDBD6EBBE2F1E2AC3F5C /* MentorDiscoveryView.swift */ = {isa = PBXFileReference; includeInIndex = 1; lastKnownFileType = sourcecode.swift; path = MentorDiscoveryView.swift; sourceTree = "<group>"; };
		B8003DD40C769C619F9B742200000000 /* AppError.swift */ = {isa = PBXFileReference; fileEncoding = 4; lastKnownFileType = sourcecode.swift; path = AppError.swift; sourceTree = "<group>"; };
		BEA8C55CF8A74C9B85392468 /* NetworkRepositoryProtocol.swift */ = {isa = PBXFileReference; lastKnownFileType = sourcecode.swift; path = ../Repositories/Protocols/NetworkRepositoryProtocol.swift; sourceTree = "<group>"; };
		CE9B0116D2CC4C7FA275D47E /* NavigationRouter.swift */ = {isa = PBXFileReference; lastKnownFileType = sourcecode.swift; path = NavigationRouter.swift; sourceTree = "<group>"; };
		CEB9F245A8974E93BEE12465 /* AuthRepositoryProtocol.swift */ = {isa = PBXFileReference; lastKnownFileType = sourcecode.swift; path = ../Repositories/Protocols/AuthRepositoryProtocol.swift; sourceTree = "<group>"; };
		E6A26244A935426386D24777 /* FirebaseAuthRepository.swift */ = {isa = PBXFileReference; lastKnownFileType = sourcecode.swift; path = ../Repositories/Firebase/FirebaseAuthRepository.swift; sourceTree = "<group>"; };
		EF399B6883E34B749FDC7FA9 /* UserRepository.swift */ = {isa = PBXFileReference; lastKnownFileType = sourcecode.swift; path = UserRepository.swift; sourceTree = "<group>"; };
/* End PBXFileReference section */

/* Begin PBXFrameworksBuildPhase section */
		651787B52F356AD60095C184 /* Frameworks */ = {
			isa = PBXFrameworksBuildPhase;
			buildActionMask = 2147483647;
			files = (
				65EE729A2F36157200E6F591 /* GoogleSignInSwift in Frameworks */,
				651788192F356B6B0095C184 /* FirebaseAuth in Frameworks */,
				65EE72982F36157200E6F591 /* GoogleSignIn in Frameworks */,
				6517881B2F356B6B0095C184 /* FirebaseFirestore in Frameworks */,
				65F4304F2F35F5DB00023B22 /* FirebaseAnalytics in Frameworks */,
				651789012F356B6B0095C184 /* FirebaseStorage in Frameworks */,
				9DDFC94358278C11BC59002A /* SDWebImageSwiftUI in Frameworks */,
				8F3D1F3C4E5E4E309D5E7A2A /* FirebaseAppCheck in Frameworks */,
			);
			runOnlyForDeploymentPostprocessing = 0;
		};
/* End PBXFrameworksBuildPhase section */

/* Begin PBXGroup section */
		3EC055BC725379585A581385 /* Discover */ = {
			isa = PBXGroup;
			children = (
				B5EFCDBD6EBBE2F1E2AC3F5C /* MentorDiscoveryView.swift */,
				8A75F2AF083A37A4A97E1F18 /* MentorDiscoveryView.swift */,
			);
			name = Discover;
			path = Discover;
			sourceTree = "<group>";
		};
		4F1FE1174334754478FAD680 /* Messages */ = {
			isa = PBXGroup;
			children = (
				5BC702E785B8F5371622610A /* MessagesView.swift */,
				9110CAF806A8A7BC9419D4CB /* ConversationView.swift */,
			);
			name = Messages;
			path = Messages;
			sourceTree = "<group>";
		};
		651787AF2F356AD60095C184 = {
			isa = PBXGroup;
			children = (
				65EE72952F3614FB00E6F591 /* app-Info.plist */,
				651787F62F356B310095C184 /* EndeavorApp */,
				65F4304D2F35F5DB00023B22 /* Frameworks */,
				651787B92F356AD60095C184 /* Products */,
			);
			sourceTree = "<group>";
		};
		651787B92F356AD60095C184 /* Products */ = {
			isa = PBXGroup;
			children = (
				651787B82F356AD60095C184 /* app.app */,
			);
			name = Products;
			sourceTree = "<group>";
		};
		651787C72F356B310095C184 /* Components */ = {
			isa = PBXGroup;
			children = (
				651787C62F356B310095C184 /* ImagePicker.swift */,
			);
			path = Components;
			sourceTree = "<group>";
		};
		651787CF2F356B310095C184 /* Components */ = {
			isa = PBXGroup;
			children = (
				992788012F356B310095C184 /* StackNavigationView.swift */,
				651787CB2F356B310095C184 /* CustomTextField.swift */,
				26846CEDDA264CC8A0C99A22 /* FluidBackgroundView.swift */,
				651787CC2F356B310095C184 /* DashboardCard.swift */,
				651787CD2F356B310095C184 /* LinearProgressView.swift */,
				651787CE2F356B310095C184 /* SelectablePill.swift */,
			);
			path = Components;
			sourceTree = "<group>";
		};
		651787D22F356B310095C184 /* DesignSystem */ = {
			isa = PBXGroup;
			children = (
				651787CF2F356B310095C184 /* Components */,
				651787D02F356B310095C184 /* Colors+Extensions.swift */,
				3502CA0542164640B87EF1DF /* DesignSystem.swift */,
				651787D12F356B310095C184 /* Typography.swift */,
			);
			path = DesignSystem;
			sourceTree = "<group>";
		};
		651787D42F356B310095C184 /* Models */ = {
			isa = PBXGroup;
			children = (
				B8003DD40C769C619F9B742200000000 /* AppError.swift */,
				991788012F356B310095C184 /* LocationData.swift */,
				651787D32F356B310095C184 /* UserProfile.swift */,
			);
			path = Models;
			sourceTree = "<group>";
		};
		651787D62F356B310095C184 /* Services */ = {
			isa = PBXGroup;
			children = (
			);
			path = Services;
			sourceTree = "<group>";
		};
		651787D92F356B310095C184 /* ViewModels */ = {
			isa = PBXGroup;
			children = (
				31E5D1F829284CDFA585B4EE /* AuthService.swift */,
				EF399B6883E34B749FDC7FA9 /* UserRepository.swift */,
				CE9B0116D2CC4C7FA275D47E /* NavigationRouter.swift */,
				CEB9F245A8974E93BEE12465 /* AuthRepositoryProtocol.swift */,
				07053209516A4F1FA85F126C /* UserRepositoryProtocol.swift */,
				BEA8C55CF8A74C9B85392468 /* NetworkRepositoryProtocol.swift */,
				69207CC2A34045868148BE03 /* StorageRepositoryProtocol.swift */,
				E6A26244A935426386D24777 /* FirebaseAuthRepository.swift */,
				3DA0B950F88C410689A55668 /* FirebaseUserRepository.swift */,
				2312F221433B42E384FA7B38 /* FirebaseNetworkRepository.swift */,
				6BA94BBC395A455691999B44 /* FirebaseStorageRepository.swift */,
				8578755F65A84AFAB25F0E41 /* NetworkViewModel.swift */,
				651787D72F356B310095C184 /* AppViewModel.swift */,
				651787D82F356B310095C184 /* OnboardingViewModel.swift */,
			);
			path = ViewModels;
			sourceTree = "<group>";
		};
		651787DB2F356B310095C184 /* Auth */ = {
			isa = PBXGroup;
			children = (
				651787DA2F356B310095C184 /* WelcomeView.swift */,
			);
			path = Auth;
			sourceTree = "<group>";
		};
		651787DF2F356B310095C184 /* Home */ = {
			isa = PBXGroup;
			children = (
				651787DE2F356B310095C184 /* HomeView.swift */,
			);
			path = Home;
			sourceTree = "<group>";
		};
		651787E12F356B310095C184 /* Network */ = {
			isa = PBXGroup;
			children = (
				651787E02F356B310095C184 /* NetworkView.swift */,
			);
			path = Network;
			sourceTree = "<group>";
		};
		651787E52F356B310095C184 /* Profile */ = {
			isa = PBXGroup;
			children = (
				651787E22F356B310095C184 /* EditProfileView.swift */,
				651787E32F356B310095C184 /* ProfileView.swift */,
				651787E42F356B310095C184 /* SettingsView.swift */,
			);
			path = Profile;
			sourceTree = "<group>";
		};
		651787E72F356B310095C184 /* Main */ = {
			isa = PBXGroup;
			children = (
				651787DF2F356B310095C184 /* Home */,
				651787E12F356B310095C184 /* Network */,
				651787E52F356B310095C184 /* Profile */,
				651787E62F356B310095C184 /* MainTabView.swift */,
				3EC055BC725379585A581385 /* Discover */,
				4F1FE1174334754478FAD680 /* Messages */,
			);
			path = Main;
			sourceTree = "<group>";
		};
		651787ED2F356B310095C184 /* Steps */ = {
			isa = PBXGroup;
			children = (
				651787E82F356B310095C184 /* CompanyBasicsView.swift */,
				651787E92F356B310095C184 /* CompanyBioLogoView.swift */,
				651787EA2F356B310095C184 /* FocusView.swift */,
				651787EB2F356B310095C184 /* PersonalInformationView.swift */,
				651787EC2F356B310095C184 /* ReviewFinishView.swift */,
			);
			path = Steps;
			sourceTree = "<group>";
		};
		651787EF2F356B310095C184 /* Onboarding */ = {
			isa = PBXGroup;
			children = (
				651787ED2F356B310095C184 /* Steps */,
				651787EE2F356B310095C184 /* OnboardingContainerView.swift */,
			);
			path = Onboarding;
			sourceTree = "<group>";
		};
		651787F02F356B310095C184 /* Views */ = {
			isa = PBXGroup;
			children = (
				651787DB2F356B310095C184 /* Auth */,
				651787E72F356B310095C184 /* Main */,
				651787EF2F356B310095C184 /* Onboarding */,
			);
			path = Views;
			sourceTree = "<group>";
		};
		651787F62F356B310095C184 /* EndeavorApp */ = {
			isa = PBXGroup;
			children = (
				651787C72F356B310095C184 /* Components */,
				651787D22F356B310095C184 /* DesignSystem */,
				651787D42F356B310095C184 /* Models */,
				651787D62F356B310095C184 /* Services */,
				651787D92F356B310095C184 /* ViewModels */,
				651787F02F356B310095C184 /* Views */,
				651787F12F356B310095C184 /* App.swift */,
				651787F22F356B310095C184 /* AppIcon60x60@2x.png */,
				651787F32F356B310095C184 /* AppIcon60x60@3x.png */,
				651787F42F356B310095C184 /* Assets.xcassets */,
				651787F52F356B310095C184 /* GoogleService-Info.plist */,
				7C22C858EC41CD85C917D953 /* MessagesViewModel.swift */,
				322B368C9FCA80FD0EFC8014 /* MessagesRepositoryProtocol.swift */,
				233EC5DBF6799263EFF27D89 /* FirebaseMessagesRepository.swift */,
			);
			path = EndeavorApp;
			sourceTree = "<group>";
		};
		65F4304D2F35F5DB00023B22 /* Frameworks */ = {
			isa = PBXGroup;
			children = (
			);
			name = Frameworks;
			sourceTree = "<group>";
		};
/* End PBXGroup section */

/* Begin PBXNativeTarget section */
		651787B72F356AD60095C184 /* app */ = {
			isa = PBXNativeTarget;
			buildConfigurationList = 651787C32F356AD80095C184 /* Build configuration list for PBXNativeTarget "app" */;
			buildPhases = (
				651787B42F356AD60095C184 /* Sources */,
				651787B52F356AD60095C184 /* Frameworks */,
				651787B62F356AD60095C184 /* Resources */,
			);
			buildRules = (
			);
			dependencies = (
			);
			name = app;
			packageProductDependencies = (
				651788182F356B6B0095C184 /* FirebaseAuth */,
				6517881A2F356B6B0095C184 /* FirebaseFirestore */,
				65F4304E2F35F5DB00023B22 /* FirebaseAnalytics */,
				65EE72972F36157200E6F591 /* GoogleSignIn */,
				65EE72992F36157200E6F591 /* GoogleSignInSwift */,
				651789002F356B6B0095C184 /* FirebaseStorage */,
				1F8E1C2B4C3D4D1A9F7E8D9C /* FirebaseAppCheck */,
			);
			productName = app;
			productReference = 651787B82F356AD60095C184 /* app.app */;
			productType = "com.apple.product-type.application";
		};
/* End PBXNativeTarget section */

/* Begin PBXProject section */
		651787B02F356AD60095C184 /* Project object */ = {
			isa = PBXProject;
			attributes = {
				BuildIndependentTargetsInParallel = 1;
				LastSwiftUpdateCheck = 2610;
				LastUpgradeCheck = 2610;
				TargetAttributes = {
					651787B72F356AD60095C184 = {
						CreatedOnToolsVersion = 26.1;
					};
				};
			};
			buildConfigurationList = 651787B32F356AD60095C184 /* Build configuration list for PBXProject "app" */;
			developmentRegion = en;
			hasScannedForEncodings = 0;
			knownRegions = (
				en,
				Base,
			);
			mainGroup = 651787AF2F356AD60095C184;
			minimizedProjectReferenceProxies = 1;
			packageReferences = (
				651788172F356B6B0095C184 /* XCRemoteSwiftPackageReference "firebase-ios-sdk" */,
				65EE72962F36157200E6F591 /* XCRemoteSwiftPackageReference "GoogleSignIn-iOS" */,
				BAF3AD852589846BC9E495F2 /* XCRemoteSwiftPackageReference "SDWebImageSwiftUI" */,
			);
			preferredProjectObjectVersion = 77;
			productRefGroup = 651787B92F356AD60095C184 /* Products */;
			projectDirPath = "";
			projectRoot = "";
			targets = (
				651787B72F356AD60095C184 /* app */,
			);
		};
/* End PBXProject section */

/* Begin PBXResourcesBuildPhase section */
		651787B62F356AD60095C184 /* Resources */ = {
			isa = PBXResourcesBuildPhase;
			buildActionMask = 2147483647;
			files = (
				6517881C2F356EE50095C184 /* Assets.xcassets in Resources */,
				651788132F356B310095C184 /* GoogleService-Info.plist in Resources */,
				651788152F356B310095C184 /* AppIcon60x60@2x.png in Resources */,
				651788162F356B310095C184 /* AppIcon60x60@3x.png in Resources */,
			);
			runOnlyForDeploymentPostprocessing = 0;
		};
/* End PBXResourcesBuildPhase section */

/* Begin PBXSourcesBuildPhase section */
		651787B42F356AD60095C184 /* Sources */ = {
			isa = PBXSourcesBuildPhase;
			buildActionMask = 2147483647;
			files = (
				254D1A0AC26246C1A6C7BB54 /* DesignSystem.swift in Sources */,
				257D39A0A6728181D9D14A7600000000 /* AppError.swift in Sources */,
				EDB35044980B473E825F0BD5 /* NetworkViewModel.swift in Sources */,
				33907F14CF9A4F0EBCAEAF82 /* FirebaseStorageRepository.swift in Sources */,
				38A8E1754FB44275A35BA89E /* FirebaseNetworkRepository.swift in Sources */,
				59528F5D6885460381BAF2FF /* FirebaseUserRepository.swift in Sources */,
				CE776A0DD7754F8D9AFF171D /* FirebaseAuthRepository.swift in Sources */,
				63CDA88E70B240C0B22F198B /* StorageRepositoryProtocol.swift in Sources */,
				2813CCFD83E94826B11D40E4 /* NetworkRepositoryProtocol.swift in Sources */,
				94FB77E91F374FECB5DAE118 /* UserRepositoryProtocol.swift in Sources */,
				D2FC56AB0E4044B9B30E0F58 /* AuthRepositoryProtocol.swift in Sources */,
				097E89C9228A4A38AFB7F184 /* NavigationRouter.swift in Sources */,
				A4BFD2418DD345FBA02C7C3C /* UserRepository.swift in Sources */,
				7B713F24AB4C4E7AACCFE522 /* AuthService.swift in Sources */,
				992788002F356B310095C184 /* StackNavigationView.swift in Sources */,
				991788002F356B310095C184 /* LocationData.swift in Sources */,
				651787F72F356B310095C184 /* LinearProgressView.swift in Sources */,
				651787F82F356B310095C184 /* DashboardCard.swift in Sources */,
				651787F92F356B310095C184 /* WelcomeView.swift in Sources */,
				651787FA2F356B310095C184 /* OnboardingViewModel.swift in Sources */,
				651787FB2F356B310095C184 /* Typography.swift in Sources */,
				651787FC2F356B310095C184 /* NetworkView.swift in Sources */,
				651787FD2F356B310095C184 /* AppViewModel.swift in Sources */,
				651787FF2F356B310095C184 /* MainTabView.swift in Sources */,
				651788002F356B310095C184 /* UserProfile.swift in Sources */,
				651788012F356B310095C184 /* App.swift in Sources */,
				651788022F356B310095C184 /* FocusView.swift in Sources */,
				651788032F356B310095C184 /* CompanyBasicsView.swift in Sources */,
				651788042F356B310095C184 /* ProfileView.swift in Sources */,
				651788052F356B310095C184 /* CustomTextField.swift in Sources */,
				F393F8F54A77468098980786 /* FluidBackgroundView.swift in Sources */,
				651788062F356B310095C184 /* ImagePicker.swift in Sources */,
				651788072F356B310095C184 /* CompanyBioLogoView.swift in Sources */,
				651788082F356B310095C184 /* Colors+Extensions.swift in Sources */,
				651788092F356B310095C184 /* SelectablePill.swift in Sources */,
				6517880A2F356B310095C184 /* ReviewFinishView.swift in Sources */,
				6517880E2F356B310095C184 /* EditProfileView.swift in Sources */,
				6517880F2F356B310095C184 /* SettingsView.swift in Sources */,
				651788102F356B310095C184 /* HomeView.swift in Sources */,
				651788112F356B310095C184 /* PersonalInformationView.swift in Sources */,
				651788122F356B310095C184 /* OnboardingContainerView.swift in Sources */,
				3EC83DF819A43CF381DA86BF /* MentorDiscoveryView.swift in Sources */,
				B217199E2A86262A2BBFF6AA /* MessagesView.swift in Sources */,
				DF14E280B7AD77D1BFBC8CEF /* ConversationView.swift in Sources */,
				862EBCBA8EC890469696B0C3 /* MessagesViewModel.swift in Sources */,
				F759D414D8CF8F9FA89B9F6E /* MessagesRepositoryProtocol.swift in Sources */,
				D260DC99484BB66F1618780C /* FirebaseMessagesRepository.swift in Sources */,
			);
			runOnlyForDeploymentPostprocessing = 0;
		};
/* End PBXSourcesBuildPhase section */

/* Begin XCBuildConfiguration section */
		651787C12F356AD80095C184 /* Debug */ = {
			isa = XCBuildConfiguration;
			buildSettings = {
				ALWAYS_SEARCH_USER_PATHS = NO;
				ASSETCATALOG_COMPILER_GENERATE_SWIFT_ASSET_SYMBOL_EXTENSIONS = YES;
				CLANG_ANALYZER_NONNULL = YES;
				CLANG_ANALYZER_NUMBER_OBJECT_CONVERSION = YES_AGGRESSIVE;
				CLANG_CXX_LANGUAGE_STANDARD = "gnu++20";
				CLANG_ENABLE_MODULES = YES;
				CLANG_ENABLE_OBJC_ARC = YES;
				CLANG_ENABLE_OBJC_WEAK = YES;
				CLANG_WARN_BLOCK_CAPTURE_AUTORELEASING = YES;
				CLANG_WARN_BOOL_CONVERSION = YES;
				CLANG_WARN_COMMA = YES;
				CLANG_WARN_CONSTANT_CONVERSION = YES;
				CLANG_WARN_DEPRECATED_OBJC_IMPLEMENTATIONS = YES;
				CLANG_WARN_DIRECT_OBJC_ISA_USAGE = YES_ERROR;
				CLANG_WARN_DOCUMENTATION_COMMENTS = YES;
				CLANG_WARN_EMPTY_BODY = YES;
				CLANG_WARN_ENUM_CONVERSION = YES;
				CLANG_WARN_INFINITE_RECURSION = YES;
				CLANG_WARN_INT_CONVERSION = YES;
				CLANG_WARN_NON_LITERAL_NULL_CONVERSION = YES;
				CLANG_WARN_OBJC_IMPLICIT_RETAIN_SELF = YES;
				CLANG_WARN_OBJC_LITERAL_CONVERSION = YES;
				CLANG_WARN_OBJC_ROOT_CLASS = YES_ERROR;
				CLANG_WARN_QUOTED_INCLUDE_IN_FRAMEWORK_HEADER = YES;
				CLANG_WARN_RANGE_LOOP_ANALYSIS = YES;
				CLANG_WARN_STRICT_PROTOTYPES = YES;
				CLANG_WARN_SUSPICIOUS_MOVE = YES;
				CLANG_WARN_UNGUARDED_AVAILABILITY = YES_AGGRESSIVE;
				CLANG_WARN_UNREACHABLE_CODE = YES;
				CLANG_WARN__DUPLICATE_METHOD_MATCH = YES;
				COPY_PHASE_STRIP = NO;
				DEBUG_INFORMATION_FORMAT = dwarf;
				DEVELOPMENT_TEAM = CD6XZYNW86;
				ENABLE_STRICT_OBJC_MSGSEND = YES;
				ENABLE_TESTABILITY = YES;
				ENABLE_USER_SCRIPT_SANDBOXING = YES;
				GCC_C_LANGUAGE_STANDARD = gnu17;
				GCC_DYNAMIC_NO_PIC = NO;
				GCC_NO_COMMON_BLOCKS = YES;
				GCC_OPTIMIZATION_LEVEL = 0;
				GCC_PREPROCESSOR_DEFINITIONS = (
					"DEBUG=1",
					"$(inherited)",
				);
				GCC_WARN_64_TO_32_BIT_CONVERSION = YES;
				GCC_WARN_ABOUT_RETURN_TYPE = YES_ERROR;
				GCC_WARN_UNDECLARED_SELECTOR = YES;
				GCC_WARN_UNINITIALIZED_AUTOS = YES_AGGRESSIVE;
				GCC_WARN_UNUSED_FUNCTION = YES;
				GCC_WARN_UNUSED_VARIABLE = YES;
				IPHONEOS_DEPLOYMENT_TARGET = 26.1;
				LOCALIZATION_PREFERS_STRING_CATALOGS = YES;
				MTL_ENABLE_DEBUG_INFO = INCLUDE_SOURCE;
				MTL_FAST_MATH = YES;
				ONLY_ACTIVE_ARCH = YES;
				SDKROOT = iphoneos;
				SUPPORTED_PLATFORMS = "iphoneos iphonesimulator";
				SWIFT_ACTIVE_COMPILATION_CONDITIONS = "DEBUG $(inherited)";
				SWIFT_OPTIMIZATION_LEVEL = "-Onone";
			};
			name = Debug;
		};
		651787C22F356AD80095C184 /* Release */ = {
			isa = XCBuildConfiguration;
			buildSettings = {
				ALWAYS_SEARCH_USER_PATHS = NO;
				ASSETCATALOG_COMPILER_GENERATE_SWIFT_ASSET_SYMBOL_EXTENSIONS = YES;
				CLANG_ANALYZER_NONNULL = YES;
				CLANG_ANALYZER_NUMBER_OBJECT_CONVERSION = YES_AGGRESSIVE;
				CLANG_CXX_LANGUAGE_STANDARD = "gnu++20";
				CLANG_ENABLE_MODULES = YES;
				CLANG_ENABLE_OBJC_ARC = YES;
				CLANG_ENABLE_OBJC_WEAK = YES;
				CLANG_WARN_BLOCK_CAPTURE_AUTORELEASING = YES;
				CLANG_WARN_BOOL_CONVERSION = YES;
				CLANG_WARN_COMMA = YES;
				CLANG_WARN_CONSTANT_CONVERSION = YES;
				CLANG_WARN_DEPRECATED_OBJC_IMPLEMENTATIONS = YES;
				CLANG_WARN_DIRECT_OBJC_ISA_USAGE = YES_ERROR;
				CLANG_WARN_DOCUMENTATION_COMMENTS = YES;
				CLANG_WARN_EMPTY_BODY = YES;
				CLANG_WARN_ENUM_CONVERSION = YES;
				CLANG_WARN_INFINITE_RECURSION = YES;
				CLANG_WARN_INT_CONVERSION = YES;
				CLANG_WARN_NON_LITERAL_NULL_CONVERSION = YES;
				CLANG_WARN_OBJC_IMPLICIT_RETAIN_SELF = YES;
				CLANG_WARN_OBJC_LITERAL_CONVERSION = YES;
				CLANG_WARN_OBJC_ROOT_CLASS = YES_ERROR;
				CLANG_WARN_QUOTED_INCLUDE_IN_FRAMEWORK_HEADER = YES;
				CLANG_WARN_RANGE_LOOP_ANALYSIS = YES;
				CLANG_WARN_STRICT_PROTOTYPES = YES;
				CLANG_WARN_SUSPICIOUS_MOVE = YES;
				CLANG_WARN_UNGUARDED_AVAILABILITY = YES_AGGRESSIVE;
				CLANG_WARN_UNREACHABLE_CODE = YES;
				CLANG_WARN__DUPLICATE_METHOD_MATCH = YES;
				COPY_PHASE_STRIP = NO;
				DEBUG_INFORMATION_FORMAT = "dwarf-with-dsym";
				DEVELOPMENT_TEAM = CD6XZYNW86;
				ENABLE_NS_ASSERTIONS = NO;
				ENABLE_STRICT_OBJC_MSGSEND = YES;
				ENABLE_USER_SCRIPT_SANDBOXING = YES;
				GCC_C_LANGUAGE_STANDARD = gnu17;
				GCC_NO_COMMON_BLOCKS = YES;
				GCC_WARN_64_TO_32_BIT_CONVERSION = YES;
				GCC_WARN_ABOUT_RETURN_TYPE = YES_ERROR;
				GCC_WARN_UNDECLARED_SELECTOR = YES;
				GCC_WARN_UNINITIALIZED_AUTOS = YES_AGGRESSIVE;
				GCC_WARN_UNUSED_FUNCTION = YES;
				GCC_WARN_UNUSED_VARIABLE = YES;
				IPHONEOS_DEPLOYMENT_TARGET = 26.1;
				LOCALIZATION_PREFERS_STRING_CATALOGS = YES;
				MTL_ENABLE_DEBUG_INFO = NO;
				MTL_FAST_MATH = YES;
				SDKROOT = iphoneos;
				SUPPORTED_PLATFORMS = "iphoneos iphonesimulator";
				SWIFT_COMPILATION_MODE = wholemodule;
				VALIDATE_PRODUCT = YES;
			};
			name = Release;
		};
		651787C42F356AD80095C184 /* Debug */ = {
			isa = XCBuildConfiguration;
			buildSettings = {
				ASSETCATALOG_COMPILER_APPICON_NAME = AppIcon;
				ASSETCATALOG_COMPILER_GLOBAL_ACCENT_COLOR_NAME = AccentColor;
				ASSETCATALOG_COMPILER_INCLUDE_ALL_APPICON_ASSETS = NO;
				CODE_SIGN_STYLE = Automatic;
				CURRENT_PROJECT_VERSION = 1;
				DEVELOPMENT_TEAM = CD6XZYNW86;
				ENABLE_PREVIEWS = YES;
				GENERATE_INFOPLIST_FILE = YES;
				INFOPLIST_FILE = "app-Info.plist";
				INFOPLIST_KEY_CFBundleDisplayName = Endeavor;
				INFOPLIST_KEY_LSApplicationCategoryType = "public.app-category.social-networking";
				INFOPLIST_KEY_UIApplicationSceneManifest_Generation = YES;
				INFOPLIST_KEY_UIApplicationSupportsIndirectInputEvents = YES;
				INFOPLIST_KEY_UILaunchScreen_Generation = YES;
				INFOPLIST_KEY_UISupportedInterfaceOrientations_iPad = "UIInterfaceOrientationPortrait UIInterfaceOrientationPortraitUpsideDown UIInterfaceOrientationLandscapeLeft UIInterfaceOrientationLandscapeRight";
				INFOPLIST_KEY_UISupportedInterfaceOrientations_iPhone = "UIInterfaceOrientationPortrait UIInterfaceOrientationLandscapeLeft UIInterfaceOrientationLandscapeRight";
				LD_RUNPATH_SEARCH_PATHS = (
					"$(inherited)",
					"@executable_path/Frameworks",
				);
				MARKETING_VERSION = 1.0;
				PRODUCT_BUNDLE_IDENTIFIER = com.endeavor.app;
				PRODUCT_NAME = "$(TARGET_NAME)";
				STRING_CATALOG_GENERATE_SYMBOLS = YES;
				SUPPORTED_PLATFORMS = "iphoneos iphonesimulator";
				SWIFT_APPROACHABLE_CONCURRENCY = YES;
				SWIFT_DEFAULT_ACTOR_ISOLATION = MainActor;
				SWIFT_EMIT_LOC_STRINGS = YES;
				SWIFT_UPCOMING_FEATURE_MEMBER_IMPORT_VISIBILITY = YES;
				SWIFT_VERSION = 5.0;
				TARGETED_DEVICE_FAMILY = "1,2";
			};
			name = Debug;
		};
		651787C52F356AD80095C184 /* Release */ = {
			isa = XCBuildConfiguration;
			buildSettings = {
				ASSETCATALOG_COMPILER_APPICON_NAME = AppIcon;
				ASSETCATALOG_COMPILER_GLOBAL_ACCENT_COLOR_NAME = AccentColor;
				ASSETCATALOG_COMPILER_INCLUDE_ALL_APPICON_ASSETS = NO;
				CODE_SIGN_STYLE = Automatic;
				CURRENT_PROJECT_VERSION = 1;
				DEVELOPMENT_TEAM = CD6XZYNW86;
				ENABLE_PREVIEWS = YES;
				GENERATE_INFOPLIST_FILE = YES;
				INFOPLIST_FILE = "app-Info.plist";
				INFOPLIST_KEY_CFBundleDisplayName = Endeavor;
				INFOPLIST_KEY_LSApplicationCategoryType = "public.app-category.social-networking";
				INFOPLIST_KEY_UIApplicationSceneManifest_Generation = YES;
				INFOPLIST_KEY_UIApplicationSupportsIndirectInputEvents = YES;
				INFOPLIST_KEY_UILaunchScreen_Generation = YES;
				INFOPLIST_KEY_UISupportedInterfaceOrientations_iPad = "UIInterfaceOrientationPortrait UIInterfaceOrientationPortraitUpsideDown UIInterfaceOrientationLandscapeLeft UIInterfaceOrientationLandscapeRight";
				INFOPLIST_KEY_UISupportedInterfaceOrientations_iPhone = "UIInterfaceOrientationPortrait UIInterfaceOrientationLandscapeLeft UIInterfaceOrientationLandscapeRight";
				LD_RUNPATH_SEARCH_PATHS = (
					"$(inherited)",
					"@executable_path/Frameworks",
				);
				MARKETING_VERSION = 1.0;
				PRODUCT_BUNDLE_IDENTIFIER = com.endeavor.app;
				PRODUCT_NAME = "$(TARGET_NAME)";
				STRING_CATALOG_GENERATE_SYMBOLS = YES;
				SUPPORTED_PLATFORMS = "iphoneos iphonesimulator";
				SWIFT_APPROACHABLE_CONCURRENCY = YES;
				SWIFT_DEFAULT_ACTOR_ISOLATION = MainActor;
				SWIFT_EMIT_LOC_STRINGS = YES;
				SWIFT_UPCOMING_FEATURE_MEMBER_IMPORT_VISIBILITY = YES;
				SWIFT_VERSION = 5.0;
				TARGETED_DEVICE_FAMILY = "1,2";
			};
			name = Release;
		};
/* End XCBuildConfiguration section */

/* Begin XCConfigurationList section */
		651787B32F356AD60095C184 /* Build configuration list for PBXProject "app" */ = {
			isa = XCConfigurationList;
			buildConfigurations = (
				651787C12F356AD80095C184 /* Debug */,
				651787C22F356AD80095C184 /* Release */,
			);
			defaultConfigurationIsVisible = 0;
			defaultConfigurationName = Release;
		};
		651787C32F356AD80095C184 /* Build configuration list for PBXNativeTarget "app" */ = {
			isa = XCConfigurationList;
			buildConfigurations = (
				651787C42F356AD80095C184 /* Debug */,
				651787C52F356AD80095C184 /* Release */,
			);
			defaultConfigurationIsVisible = 0;
			defaultConfigurationName = Release;
		};
/* End XCConfigurationList section */

/* Begin XCRemoteSwiftPackageReference section */
		651788172F356B6B0095C184 /* XCRemoteSwiftPackageReference "firebase-ios-sdk" */ = {
			isa = XCRemoteSwiftPackageReference;
			repositoryURL = "https://github.com/firebase/firebase-ios-sdk";
			requirement = {
				kind = upToNextMajorVersion;
				minimumVersion = 12.9.0;
			};
		};
		65EE72962F36157200E6F591 /* XCRemoteSwiftPackageReference "GoogleSignIn-iOS" */ = {
			isa = XCRemoteSwiftPackageReference;
			repositoryURL = "https://github.com/google/GoogleSignIn-iOS";
			requirement = {
				kind = upToNextMajorVersion;
				minimumVersion = 9.1.0;
			};
		};
		BAF3AD852589846BC9E495F2 /* XCRemoteSwiftPackageReference "SDWebImageSwiftUI" */ = {
			isa = XCRemoteSwiftPackageReference;
			repositoryURL = "https://github.com/SDWebImage/SDWebImageSwiftUI.git";
			requirement = {
				kind = upToNextMajorVersion;
				minimumVersion = 3.1.0;
			};
		};
/* End XCRemoteSwiftPackageReference section */

/* Begin XCSwiftPackageProductDependency section */
		1F8E1C2B4C3D4D1A9F7E8D9C /* FirebaseAppCheck */ = {
			isa = XCSwiftPackageProductDependency;
			package = 651788172F356B6B0095C184 /* XCRemoteSwiftPackageReference "firebase-ios-sdk" */;
			productName = FirebaseAppCheck;
		};
		651788182F356B6B0095C184 /* FirebaseAuth */ = {
			isa = XCSwiftPackageProductDependency;
			package = 651788172F356B6B0095C184 /* XCRemoteSwiftPackageReference "firebase-ios-sdk" */;
			productName = FirebaseAuth;
		};
		6517881A2F356B6B0095C184 /* FirebaseFirestore */ = {
			isa = XCSwiftPackageProductDependency;
			package = 651788172F356B6B0095C184 /* XCRemoteSwiftPackageReference "firebase-ios-sdk" */;
			productName = FirebaseFirestore;
		};
		651789002F356B6B0095C184 /* FirebaseStorage */ = {
			isa = XCSwiftPackageProductDependency;
			package = 651788172F356B6B0095C184 /* XCRemoteSwiftPackageReference "firebase-ios-sdk" */;
			productName = FirebaseStorage;
		};
		65EE72972F36157200E6F591 /* GoogleSignIn */ = {
			isa = XCSwiftPackageProductDependency;
			package = 65EE72962F36157200E6F591 /* XCRemoteSwiftPackageReference "GoogleSignIn-iOS" */;
			productName = GoogleSignIn;
		};
		65EE72992F36157200E6F591 /* GoogleSignInSwift */ = {
			isa = XCSwiftPackageProductDependency;
			package = 65EE72962F36157200E6F591 /* XCRemoteSwiftPackageReference "GoogleSignIn-iOS" */;
			productName = GoogleSignInSwift;
		};
		65F4304E2F35F5DB00023B22 /* FirebaseAnalytics */ = {
			isa = XCSwiftPackageProductDependency;
			package = 651788172F356B6B0095C184 /* XCRemoteSwiftPackageReference "firebase-ios-sdk" */;
			productName = FirebaseAnalytics;
		};
		F0828F4DD68EDE36D047EBAC /* SDWebImageSwiftUI */ = {
			isa = XCSwiftPackageProductDependency;
			package = BAF3AD852589846BC9E495F2 /* XCRemoteSwiftPackageReference "SDWebImageSwiftUI" */;
			productName = SDWebImageSwiftUI;
		};
/* End XCSwiftPackageProductDependency section */
	};
	rootObject = 651787B02F356AD60095C184 /* Project object */;
}
